
Microsoft Visual Studio Solution File, Format Version 12.00
# Visual Studio Version 17
VisualStudioVersion = 17.5.002.0
MinimumVisualStudioVersion = 10.0.40219.1
Project("{9A19103F-16F7-4668-BE54-9A1E7A4F7556}") = "ClipboardGuidGenerator", "ClipboardGuidGenerator.csproj", "{56660564-2685-4BE0-B982-746F9061718F}"
EndProject
Global
	GlobalSection(SolutionConfigurationPlatforms) = preSolution
		Debug|Any CPU = Debug|Any CPU
		Release|Any CPU = Release|Any CPU
	EndGlobalSection
	GlobalSection(ProjectConfigurationPlatforms) = postSolution
		{56660564-2685-4BE0-B982-746F9061718F}.Debug|Any CPU.ActiveCfg = Debug|Any CPU
		{56660564-2685-4BE0-B982-746F9061718F}.Debug|Any CPU.Build.0 = Debug|Any CPU
		{56660564-2685-4BE0-B982-746F9061718F}.Release|Any CPU.ActiveCfg = Release|Any CPU
		{56660564-2685-4BE0-B982-746F9061718F}.Release|Any CPU.Build.0 = Release|Any CPU
	EndGlobalSection
	GlobalSection(SolutionProperties) = preSolution
		HideSolutionNode = FALSE
	EndGlobalSection
	GlobalSection(ExtensibilityGlobals) = postSolution
		SolutionGuid = {390D9919-6247-4810-9F8C-98BB607B4A7E}
	EndGlobalSection
EndGlobal
